
Microsoft Visual Studio Solution File, Format Version 12.00
# Visual Studio Version 16
VisualStudioVersion = 16.0.31911.196
MinimumVisualStudioVersion = 10.0.40219.1
Project("{FAE04EC0-301F-11D3-BF4B-00C04F79EFBC}") = "bramkominatorMobile.Android", "bramkominatorMobile.Android\bramkominatorMobile.Android.csproj", "{BF981D87-60AE-4058-BEF4-CF08A05AB1C8}"
EndProject
Project("{9A19103F-16F7-4668-BE54-9A1E7A4F7556}") = "bramkominatorMobile", "bramkominatorMobile\bramkominatorMobile.csproj", "{6AFBA7A1-90D4-4C3F-ADE4-030F87F6C730}"
EndProject
Project("{FAE04EC0-301F-11D3-BF4B-00C04F79EFBC}") = "NUnitTests", "NUnitTests\NUnitTests.csproj", "{7153252F-F655-422A-8B24-F571F181008E}"
EndProject
Global
	GlobalSection(SolutionConfigurationPlatforms) = preSolution
		Debug|Any CPU = Debug|Any CPU
		Release|Any CPU = Release|Any CPU
	EndGlobalSection
	GlobalSection(ProjectConfigurationPlatforms) = postSolution
		{BF981D87-60AE-4058-BEF4-CF08A05AB1C8}.Debug|Any CPU.ActiveCfg = Debug|Any CPU
		{BF981D87-60AE-4058-BEF4-CF08A05AB1C8}.Debug|Any CPU.Build.0 = Debug|Any CPU
		{BF981D87-60AE-4058-BEF4-CF08A05AB1C8}.Debug|Any CPU.Deploy.0 = Debug|Any CPU
		{BF981D87-60AE-4058-BEF4-CF08A05AB1C8}.Release|Any CPU.ActiveCfg = Release|Any CPU
		{BF981D87-60AE-4058-BEF4-CF08A05AB1C8}.Release|Any CPU.Build.0 = Release|Any CPU
		{BF981D87-60AE-4058-BEF4-CF08A05AB1C8}.Release|Any CPU.Deploy.0 = Release|Any CPU
		{6AFBA7A1-90D4-4C3F-ADE4-030F87F6C730}.Debug|Any CPU.ActiveCfg = Debug|Any CPU
		{6AFBA7A1-90D4-4C3F-ADE4-030F87F6C730}.Debug|Any CPU.Build.0 = Debug|Any CPU
		{6AFBA7A1-90D4-4C3F-ADE4-030F87F6C730}.Debug|Any CPU.Deploy.0 = Debug|Any CPU
		{6AFBA7A1-90D4-4C3F-ADE4-030F87F6C730}.Release|Any CPU.ActiveCfg = Release|Any CPU
		{6AFBA7A1-90D4-4C3F-ADE4-030F87F6C730}.Release|Any CPU.Build.0 = Release|Any CPU
		{6AFBA7A1-90D4-4C3F-ADE4-030F87F6C730}.Release|Any CPU.Deploy.0 = Release|Any CPU
		{7153252F-F655-422A-8B24-F571F181008E}.Debug|Any CPU.ActiveCfg = Debug|Any CPU
		{7153252F-F655-422A-8B24-F571F181008E}.Debug|Any CPU.Build.0 = Debug|Any CPU
		{7153252F-F655-422A-8B24-F571F181008E}.Release|Any CPU.ActiveCfg = Release|Any CPU
		{7153252F-F655-422A-8B24-F571F181008E}.Release|Any CPU.Build.0 = Release|Any CPU
	EndGlobalSection
	GlobalSection(SolutionProperties) = preSolution
		HideSolutionNode = FALSE
	EndGlobalSection
	GlobalSection(ExtensibilityGlobals) = postSolution
		SolutionGuid = {26F7F5FA-FA40-4DA8-8F30-9D24B317FB59}
	EndGlobalSection
EndGlobal
